
Microsoft Visual Studio Solution File, Format Version 12.00
# Visual Studio Version 16
VisualStudioVersion = 16.0.31424.327
MinimumVisualStudioVersion = 10.0.40219.1
Project("{FAE04EC0-301F-11D3-BF4B-00C04F79EFBC}") = "OnlineShop", "OnlineShop.csproj", "{B2C813F9-B6CE-4BE8-AD86-BF161C0DD6AB}"
EndProject
Project("{FAE04EC0-301F-11D3-BF4B-00C04F79EFBC}") = "Model", "..\Model\Model.csproj", "{08DC5E2C-E1C5-409B-95D5-799C265DFFB8}"
EndProject
Project("{FAE04EC0-301F-11D3-BF4B-00C04F79EFBC}") = "Common", "..\Common\Common.csproj", "{686C464C-36F0-4B38-80FC-9980D9904C97}"
EndProject
Global
	GlobalSection(SolutionConfigurationPlatforms) = preSolution
		Debug|Any CPU = Debug|Any CPU
		Release|Any CPU = Release|Any CPU
	EndGlobalSection
	GlobalSection(ProjectConfigurationPlatforms) = postSolution
		{B2C813F9-B6CE-4BE8-AD86-BF161C0DD6AB}.Debug|Any CPU.ActiveCfg = Debug|Any CPU
		{B2C813F9-B6CE-4BE8-AD86-BF161C0DD6AB}.Debug|Any CPU.Build.0 = Debug|Any CPU
		{B2C813F9-B6CE-4BE8-AD86-BF161C0DD6AB}.Release|Any CPU.ActiveCfg = Release|Any CPU
		{B2C813F9-B6CE-4BE8-AD86-BF161C0DD6AB}.Release|Any CPU.Build.0 = Release|Any CPU
		{08DC5E2C-E1C5-409B-95D5-799C265DFFB8}.Debug|Any CPU.ActiveCfg = Debug|Any CPU
		{08DC5E2C-E1C5-409B-95D5-799C265DFFB8}.Debug|Any CPU.Build.0 = Debug|Any CPU
		{08DC5E2C-E1C5-409B-95D5-799C265DFFB8}.Release|Any CPU.ActiveCfg = Release|Any CPU
		{08DC5E2C-E1C5-409B-95D5-799C265DFFB8}.Release|Any CPU.Build.0 = Release|Any CPU
		{686C464C-36F0-4B38-80FC-9980D9904C97}.Debug|Any CPU.ActiveCfg = Debug|Any CPU
		{686C464C-36F0-4B38-80FC-9980D9904C97}.Debug|Any CPU.Build.0 = Debug|Any CPU
		{686C464C-36F0-4B38-80FC-9980D9904C97}.Release|Any CPU.ActiveCfg = Release|Any CPU
		{686C464C-36F0-4B38-80FC-9980D9904C97}.Release|Any CPU.Build.0 = Release|Any CPU
	EndGlobalSection
	GlobalSection(SolutionProperties) = preSolution
		HideSolutionNode = FALSE
	EndGlobalSection
	GlobalSection(ExtensibilityGlobals) = postSolution
		SolutionGuid = {B0763C8D-68D7-4184-9CAC-492A76CE3B71}
	EndGlobalSection
EndGlobal
